// !$*UTF8*$!
{
	archiveVersion = 1;
	classes = {
	};
	objectVersion = 60;
	objects = {

/* Begin PBXBuildFile section */
		2C3129722B97C90900F9B54E /* Sofascore2024App.swift in Sources */ = {isa = PBXBuildFile; fileRef = 2C3129712B97C90900F9B54E /* Sofascore2024App.swift */; };
		2C3129742B97C90900F9B54E /* ContentView.swift in Sources */ = {isa = PBXBuildFile; fileRef = 2C3129732B97C90900F9B54E /* ContentView.swift */; };
		2C3129762B97C90A00F9B54E /* Assets.xcassets in Resources */ = {isa = PBXBuildFile; fileRef = 2C3129752B97C90A00F9B54E /* Assets.xcassets */; };
		2C31297A2B97C90A00F9B54E /* Preview Assets.xcassets in Resources */ = {isa = PBXBuildFile; fileRef = 2C3129792B97C90A00F9B54E /* Preview Assets.xcassets */; };
		2C3129842B97C90A00F9B54E /* Sofascore2024Tests.swift in Sources */ = {isa = PBXBuildFile; fileRef = 2C3129832B97C90A00F9B54E /* Sofascore2024Tests.swift */; };
		2C31298E2B97C90A00F9B54E /* Sofascore2024UITests.swift in Sources */ = {isa = PBXBuildFile; fileRef = 2C31298D2B97C90A00F9B54E /* Sofascore2024UITests.swift */; };
		2C3129902B97C90A00F9B54E /* Sofascore2024UITestsLaunchTests.swift in Sources */ = {isa = PBXBuildFile; fileRef = 2C31298F2B97C90A00F9B54E /* Sofascore2024UITestsLaunchTests.swift */; };
/* End PBXBuildFile section */

/* Begin PBXContainerItemProxy section */
		2C3129802B97C90A00F9B54E /* PBXContainerItemProxy */ = {
			isa = PBXContainerItemProxy;
			containerPortal = 2C3129662B97C90900F9B54E /* Project object */;
			proxyType = 1;
			remoteGlobalIDString = 2C31296D2B97C90900F9B54E;
			remoteInfo = Sofascore2024;
		};
		2C31298A2B97C90A00F9B54E /* PBXContainerItemProxy */ = {
			isa = PBXContainerItemProxy;
			containerPortal = 2C3129662B97C90900F9B54E /* Project object */;
			proxyType = 1;
			remoteGlobalIDString = 2C31296D2B97C90900F9B54E;
			remoteInfo = Sofascore2024;
		};
/* End PBXContainerItemProxy section */

/* Begin PBXFileReference section */
		2C31296E2B97C90900F9B54E /* Sofascore2024.app */ = {isa = PBXFileReference; explicitFileType = wrapper.application; includeInIndex = 0; path = Sofascore2024.app; sourceTree = BUILT_PRODUCTS_DIR; };
		2C3129712B97C90900F9B54E /* Sofascore2024App.swift */ = {isa = PBXFileReference; lastKnownFileType = sourcecode.swift; path = Sofascore2024App.swift; sourceTree = "<group>"; };
		2C3129732B97C90900F9B54E /* ContentView.swift */ = {isa = PBXFileReference; lastKnownFileType = sourcecode.swift; path = ContentView.swift; sourceTree = "<group>"; };
		2C3129752B97C90A00F9B54E /* Assets.xcassets */ = {isa = PBXFileReference; lastKnownFileType = folder.assetcatalog; path = Assets.xcassets; sourceTree = "<group>"; };
		2C3129772B97C90A00F9B54E /* Sofascore2024.entitlements */ = {isa = PBXFileReference; lastKnownFileType = text.plist.entitlements; path = Sofascore2024.entitlements; sourceTree = "<group>"; };
		2C3129792B97C90A00F9B54E /* Preview Assets.xcassets */ = {isa = PBXFileReference; lastKnownFileType = folder.assetcatalog; path = "Preview Assets.xcassets"; sourceTree = "<group>"; };
		2C31297F2B97C90A00F9B54E /* Sofascore2024Tests.xctest */ = {isa = PBXFileReference; explicitFileType = wrapper.cfbundle; includeInIndex = 0; path = Sofascore2024Tests.xctest; sourceTree = BUILT_PRODUCTS_DIR; };
		2C3129832B97C90A00F9B54E /* Sofascore2024Tests.swift */ = {isa = PBXFileReference; lastKnownFileType = sourcecode.swift; path = Sofascore2024Tests.swift; sourceTree = "<group>"; };
		2C3129892B97C90A00F9B54E /* Sofascore2024UITests.xctest */ = {isa = PBXFileReference; explicitFileType = wrapper.cfbundle; includeInIndex = 0; path = Sofascore2024UITests.xctest; sourceTree = BUILT_PRODUCTS_DIR; };
		2C31298D2B97C90A00F9B54E /* Sofascore2024UITests.swift */ = {isa = PBXFileReference; lastKnownFileType = sourcecode.swift; path = Sofascore2024UITests.swift; sourceTree = "<group>"; };
		2C31298F2B97C90A00F9B54E /* Sofascore2024UITestsLaunchTests.swift */ = {isa = PBXFileReference; lastKnownFileType = sourcecode.swift; path = Sofascore2024UITestsLaunchTests.swift; sourceTree = "<group>"; };
/* End PBXFileReference section */

/* Begin PBXFrameworksBuildPhase section */
		2C31296B2B97C90900F9B54E /* Frameworks */ = {
			isa = PBXFrameworksBuildPhase;
			buildActionMask = 2147483647;
			files = (
			);
			runOnlyForDeploymentPostprocessing = 0;
		};
		2C31297C2B97C90A00F9B54E /* Frameworks */ = {
			isa = PBXFrameworksBuildPhase;
			buildActionMask = 2147483647;
			files = (
			);
			runOnlyForDeploymentPostprocessing = 0;
		};
		2C3129862B97C90A00F9B54E /* Frameworks */ = {
			isa = PBXFrameworksBuildPhase;
			buildActionMask = 2147483647;
			files = (
			);
			runOnlyForDeploymentPostprocessing = 0;
		};
/* End PBXFrameworksBuildPhase section */

/* Begin PBXGroup section */
		2C3129652B97C90900F9B54E = {
			isa = PBXGroup;
			children = (
				2C3129702B97C90900F9B54E /* Sofascore2024 */,
				2C3129822B97C90A00F9B54E /* Sofascore2024Tests */,
				2C31298C2B97C90A00F9B54E /* Sofascore2024UITests */,
				2C31296F2B97C90900F9B54E /* Products */,
			);
			sourceTree = "<group>";
		};
		2C31296F2B97C90900F9B54E /* Products */ = {
			isa = PBXGroup;
			children = (
				2C31296E2B97C90900F9B54E /* Sofascore2024.app */,
				2C31297F2B97C90A00F9B54E /* Sofascore2024Tests.xctest */,
				2C3129892B97C90A00F9B54E /* Sofascore2024UITests.xctest */,
			);
			name = Products;
			sourceTree = "<group>";
		};
		2C3129702B97C90900F9B54E /* Sofascore2024 */ = {
			isa = PBXGroup;
			children = (
				2C3129712B97C90900F9B54E /* Sofascore2024App.swift */,
				2C3129732B97C90900F9B54E /* ContentView.swift */,
				2C3129752B97C90A00F9B54E /* Assets.xcassets */,
				2C3129772B97C90A00F9B54E /* Sofascore2024.entitlements */,
				2C3129782B97C90A00F9B54E /* Preview Content */,
			);
			path = Sofascore2024;
			sourceTree = "<group>";
		};
		2C3129782B97C90A00F9B54E /* Preview Content */ = {
			isa = PBXGroup;
			children = (
				2C3129792B97C90A00F9B54E /* Preview Assets.xcassets */,
			);
			path = "Preview Content";
			sourceTree = "<group>";
		};
		2C3129822B97C90A00F9B54E /* Sofascore2024Tests */ = {
			isa = PBXGroup;
			children = (
				2C3129832B97C90A00F9B54E /* Sofascore2024Tests.swift */,
			);
			path = Sofascore2024Tests;
			sourceTree = "<group>";
		};
		2C31298C2B97C90A00F9B54E /* Sofascore2024UITests */ = {
			isa = PBXGroup;
			children = (
				2C31298D2B97C90A00F9B54E /* Sofascore2024UITests.swift */,
				2C31298F2B97C90A00F9B54E /* Sofascore2024UITestsLaunchTests.swift */,
			);
			path = Sofascore2024UITests;
			sourceTree = "<group>";
		};
/* End PBXGroup section */

/* Begin PBXNativeTarget section */
		2C31296D2B97C90900F9B54E /* Sofascore2024 */ = {
			isa = PBXNativeTarget;
			buildConfigurationList = 2C3129932B97C90A00F9B54E /* Build configuration list for PBXNativeTarget "Sofascore2024" */;
			buildPhases = (
				2C31296A2B97C90900F9B54E /* Sources */,
				2C31296B2B97C90900F9B54E /* Frameworks */,
				2C31296C2B97C90900F9B54E /* Resources */,
			);
			buildRules = (
			);
			dependencies = (
			);
			name = Sofascore2024;
			productName = Sofascore2024;
			productReference = 2C31296E2B97C90900F9B54E /* Sofascore2024.app */;
			productType = "com.apple.product-type.application";
		};
		2C31297E2B97C90A00F9B54E /* Sofascore2024Tests */ = {
			isa = PBXNativeTarget;
			buildConfigurationList = 2C3129962B97C90A00F9B54E /* Build configuration list for PBXNativeTarget "Sofascore2024Tests" */;
			buildPhases = (
				2C31297B2B97C90A00F9B54E /* Sources */,
				2C31297C2B97C90A00F9B54E /* Frameworks */,
				2C31297D2B97C90A00F9B54E /* Resources */,
			);
			buildRules = (
			);
			dependencies = (
				2C3129812B97C90A00F9B54E /* PBXTargetDependency */,
			);
			name = Sofascore2024Tests;
			productName = Sofascore2024Tests;
			productReference = 2C31297F2B97C90A00F9B54E /* Sofascore2024Tests.xctest */;
			productType = "com.apple.product-type.bundle.unit-test";
		};
		2C3129882B97C90A00F9B54E /* Sofascore2024UITests */ = {
			isa = PBXNativeTarget;
			buildConfigurationList = 2C3129992B97C90A00F9B54E /* Build configuration list for PBXNativeTarget "Sofascore2024UITests" */;
			buildPhases = (
				2C3129852B97C90A00F9B54E /* Sources */,
				2C3129862B97C90A00F9B54E /* Frameworks */,
				2C3129872B97C90A00F9B54E /* Resources */,
			);
			buildRules = (
			);
			dependencies = (
				2C31298B2B97C90A00F9B54E /* PBXTargetDependency */,
			);
			name = Sofascore2024UITests;
			productName = Sofascore2024UITests;
			productReference = 2C3129892B97C90A00F9B54E /* Sofascore2024UITests.xctest */;
			productType = "com.apple.product-type.bundle.ui-testing";
		};
/* End PBXNativeTarget section */

/* Begin PBXProject section */
		2C3129662B97C90900F9B54E /* Project object */ = {
			isa = PBXProject;
			attributes = {
				BuildIndependentTargetsInParallel = 1;
				LastSwiftUpdateCheck = 1520;
				LastUpgradeCheck = 1520;
				TargetAttributes = {
					2C31296D2B97C90900F9B54E = {
						CreatedOnToolsVersion = 15.2;
					};
					2C31297E2B97C90A00F9B54E = {
						CreatedOnToolsVersion = 15.2;
						TestTargetID = 2C31296D2B97C90900F9B54E;
					};
					2C3129882B97C90A00F9B54E = {
						CreatedOnToolsVersion = 15.2;
						TestTargetID = 2C31296D2B97C90900F9B54E;
					};
				};
			};
			buildConfigurationList = 2C3129692B97C90900F9B54E /* Build configuration list for PBXProject "Sofascore2024" */;
			compatibilityVersion = "Xcode 15.0";
			developmentRegion = en;
			hasScannedForEncodings = 0;
			knownRegions = (
				en,
				Base,
			);
			mainGroup = 2C3129652B97C90900F9B54E;
			productRefGroup = 2C31296F2B97C90900F9B54E /* Products */;
			projectDirPath = "";
			projectRoot = "";
			targets = (
				2C31296D2B97C90900F9B54E /* Sofascore2024 */,
				2C31297E2B97C90A00F9B54E /* Sofascore2024Tests */,
				2C3129882B97C90A00F9B54E /* Sofascore2024UITests */,
			);
		};
/* End PBXProject section */

/* Begin PBXResourcesBuildPhase section */
		2C31296C2B97C90900F9B54E /* Resources */ = {
			isa = PBXResourcesBuildPhase;
			buildActionMask = 2147483647;
			files = (
				2C31297A2B97C90A00F9B54E /* Preview Assets.xcassets in Resources */,
				2C3129762B97C90A00F9B54E /* Assets.xcassets in Resources */,
			);
			runOnlyForDeploymentPostprocessing = 0;
		};
		2C31297D2B97C90A00F9B54E /* Resources */ = {
			isa = PBXResourcesBuildPhase;
			buildActionMask = 2147483647;
			files = (
			);
			runOnlyForDeploymentPostprocessing = 0;
		};
		2C3129872B97C90A00F9B54E /* Resources */ = {
			isa = PBXResourcesBuildPhase;
			buildActionMask = 2147483647;
			files = (
			);
			runOnlyForDeploymentPostprocessing = 0;
		};
/* End PBXResourcesBuildPhase section */

/* Begin PBXSourcesBuildPhase section */
		2C31296A2B97C90900F9B54E /* Sources */ = {
			isa = PBXSourcesBuildPhase;
			buildActionMask = 2147483647;
			files = (
				2C3129742B97C90900F9B54E /* ContentView.swift in Sources */,
				2C3129722B97C90900F9B54E /* Sofascore2024App.swift in Sources */,
			);
			runOnlyForDeploymentPostprocessing = 0;
		};
		2C31297B2B97C90A00F9B54E /* Sources */ = {
			isa = PBXSourcesBuildPhase;
			buildActionMask = 2147483647;
			files = (
				2C3129842B97C90A00F9B54E /* Sofascore2024Tests.swift in Sources */,
			);
			runOnlyForDeploymentPostprocessing = 0;
		};
		2C3129852B97C90A00F9B54E /* Sources */ = {
			isa = PBXSourcesBuildPhase;
			buildActionMask = 2147483647;
			files = (
				2C3129902B97C90A00F9B54E /* Sofascore2024UITestsLaunchTests.swift in Sources */,
				2C31298E2B97C90A00F9B54E /* Sofascore2024UITests.swift in Sources */,
			);
			runOnlyForDeploymentPostprocessing = 0;
		};
/* End PBXSourcesBuildPhase section */

/* Begin PBXTargetDependency section */
		2C3129812B97C90A00F9B54E /* PBXTargetDependency */ = {
			isa = PBXTargetDependency;
			target = 2C31296D2B97C90900F9B54E /* Sofascore2024 */;
			targetProxy = 2C3129802B97C90A00F9B54E /* PBXContainerItemProxy */;
		};
		2C31298B2B97C90A00F9B54E /* PBXTargetDependency */ = {
			isa = PBXTargetDependency;
			target = 2C31296D2B97C90900F9B54E /* Sofascore2024 */;
			targetProxy = 2C31298A2B97C90A00F9B54E /* PBXContainerItemProxy */;
		};
/* End PBXTargetDependency section */

/* Begin XCBuildConfiguration section */
		2C3129912B97C90A00F9B54E /* Debug */ = {
			isa = XCBuildConfiguration;
			buildSettings = {
				ALWAYS_SEARCH_USER_PATHS = NO;
				ASSETCATALOG_COMPILER_GENERATE_SWIFT_ASSET_SYMBOL_EXTENSIONS = YES;
				CLANG_ANALYZER_NONNULL = YES;
				CLANG_ANALYZER_NUMBER_OBJECT_CONVERSION = YES_AGGRESSIVE;
				CLANG_CXX_LANGUAGE_STANDARD = "gnu++20";
				CLANG_ENABLE_MODULES = YES;
				CLANG_ENABLE_OBJC_ARC = YES;
				CLANG_ENABLE_OBJC_WEAK = YES;
				CLANG_WARN_BLOCK_CAPTURE_AUTORELEASING = YES;
				CLANG_WARN_BOOL_CONVERSION = YES;
				CLANG_WARN_COMMA = YES;
				CLANG_WARN_CONSTANT_CONVERSION = YES;
				CLANG_WARN_DEPRECATED_OBJC_IMPLEMENTATIONS = YES;
				CLANG_WARN_DIRECT_OBJC_ISA_USAGE = YES_ERROR;
				CLANG_WARN_DOCUMENTATION_COMMENTS = YES;
				CLANG_WARN_EMPTY_BODY = YES;
				CLANG_WARN_ENUM_CONVERSION = YES;
				CLANG_WARN_INFINITE_RECURSION = YES;
				CLANG_WARN_INT_CONVERSION = YES;
				CLANG_WARN_NON_LITERAL_NULL_CONVERSION = YES;
				CLANG_WARN_OBJC_IMPLICIT_RETAIN_SELF = YES;
				CLANG_WARN_OBJC_LITERAL_CONVERSION = YES;
				CLANG_WARN_OBJC_ROOT_CLASS = YES_ERROR;
				CLANG_WARN_QUOTED_INCLUDE_IN_FRAMEWORK_HEADER = YES;
				CLANG_WARN_RANGE_LOOP_ANALYSIS = YES;
				CLANG_WARN_STRICT_PROTOTYPES = YES;
				CLANG_WARN_SUSPICIOUS_MOVE = YES;
				CLANG_WARN_UNGUARDED_AVAILABILITY = YES_AGGRESSIVE;
				CLANG_WARN_UNREACHABLE_CODE = YES;
				CLANG_WARN__DUPLICATE_METHOD_MATCH = YES;
				COPY_PHASE_STRIP = NO;
				DEBUG_INFORMATION_FORMAT = dwarf;
				ENABLE_STRICT_OBJC_MSGSEND = YES;
				ENABLE_TESTABILITY = YES;
				ENABLE_USER_SCRIPT_SANDBOXING = YES;
				GCC_C_LANGUAGE_STANDARD = gnu17;
				GCC_DYNAMIC_NO_PIC = NO;
				GCC_NO_COMMON_BLOCKS = YES;
				GCC_OPTIMIZATION_LEVEL = 0;
				GCC_PREPROCESSOR_DEFINITIONS = (
					"DEBUG=1",
					"$(inherited)",
				);
				GCC_WARN_64_TO_32_BIT_CONVERSION = YES;
				GCC_WARN_ABOUT_RETURN_TYPE = YES_ERROR;
				GCC_WARN_UNDECLARED_SELECTOR = YES;
				GCC_WARN_UNINITIALIZED_AUTOS = YES_AGGRESSIVE;
				GCC_WARN_UNUSED_FUNCTION = YES;
				GCC_WARN_UNUSED_VARIABLE = YES;
				LOCALIZATION_PREFERS_STRING_CATALOGS = YES;
				MTL_ENABLE_DEBUG_INFO = INCLUDE_SOURCE;
				MTL_FAST_MATH = YES;
				ONLY_ACTIVE_ARCH = YES;
				SWIFT_ACTIVE_COMPILATION_CONDITIONS = "DEBUG $(inherited)";
				SWIFT_OPTIMIZATION_LEVEL = "-Onone";
			};
			name = Debug;
		};
		2C3129922B97C90A00F9B54E /* Release */ = {
			isa = XCBuildConfiguration;
			buildSettings = {
				ALWAYS_SEARCH_USER_PATHS = NO;
				ASSETCATALOG_COMPILER_GENERATE_SWIFT_ASSET_SYMBOL_EXTENSIONS = YES;
				CLANG_ANALYZER_NONNULL = YES;
				CLANG_ANALYZER_NUMBER_OBJECT_CONVERSION = YES_AGGRESSIVE;
				CLANG_CXX_LANGUAGE_STANDARD = "gnu++20";
				CLANG_ENABLE_MODULES = YES;
				CLANG_ENABLE_OBJC_ARC = YES;
				CLANG_ENABLE_OBJC_WEAK = YES;
				CLANG_WARN_BLOCK_CAPTURE_AUTORELEASING = YES;
				CLANG_WARN_BOOL_CONVERSION = YES;
				CLANG_WARN_COMMA = YES;
				CLANG_WARN_CONSTANT_CONVERSION = YES;
				CLANG_WARN_DEPRECATED_OBJC_IMPLEMENTATIONS = YES;
				CLANG_WARN_DIRECT_OBJC_ISA_USAGE = YES_ERROR;
				CLANG_WARN_DOCUMENTATION_COMMENTS = YES;
				CLANG_WARN_EMPTY_BODY = YES;
				CLANG_WARN_ENUM_CONVERSION = YES;
				CLANG_WARN_INFINITE_RECURSION = YES;
				CLANG_WARN_INT_CONVERSION = YES;
				CLANG_WARN_NON_LITERAL_NULL_CONVERSION = YES;
				CLANG_WARN_OBJC_IMPLICIT_RETAIN_SELF = YES;
				CLANG_WARN_OBJC_LITERAL_CONVERSION = YES;
				CLANG_WARN_OBJC_ROOT_CLASS = YES_ERROR;
				CLANG_WARN_QUOTED_INCLUDE_IN_FRAMEWORK_HEADER = YES;
				CLANG_WARN_RANGE_LOOP_ANALYSIS = YES;
				CLANG_WARN_STRICT_PROTOTYPES = YES;
				CLANG_WARN_SUSPICIOUS_MOVE = YES;
				CLANG_WARN_UNGUARDED_AVAILABILITY = YES_AGGRESSIVE;
				CLANG_WARN_UNREACHABLE_CODE = YES;
				CLANG_WARN__DUPLICATE_METHOD_MATCH = YES;
				COPY_PHASE_STRIP = NO;
				DEBUG_INFORMATION_FORMAT = "dwarf-with-dsym";
				ENABLE_NS_ASSERTIONS = NO;
				ENABLE_STRICT_OBJC_MSGSEND = YES;
				ENABLE_USER_SCRIPT_SANDBOXING = YES;
				GCC_C_LANGUAGE_STANDARD = gnu17;
				GCC_NO_COMMON_BLOCKS = YES;
				GCC_WARN_64_TO_32_BIT_CONVERSION = YES;
				GCC_WARN_ABOUT_RETURN_TYPE = YES_ERROR;
				GCC_WARN_UNDECLARED_SELECTOR = YES;
				GCC_WARN_UNINITIALIZED_AUTOS = YES_AGGRESSIVE;
				GCC_WARN_UNUSED_FUNCTION = YES;
				GCC_WARN_UNUSED_VARIABLE = YES;
				LOCALIZATION_PREFERS_STRING_CATALOGS = YES;
				MTL_ENABLE_DEBUG_INFO = NO;
				MTL_FAST_MATH = YES;
				SWIFT_COMPILATION_MODE = wholemodule;
			};
			name = Release;
		};
		2C3129942B97C90A00F9B54E /* Debug */ = {
			isa = XCBuildConfiguration;
			buildSettings = {
				ASSETCATALOG_COMPILER_APPICON_NAME = AppIcon;
				ASSETCATALOG_COMPILER_GLOBAL_ACCENT_COLOR_NAME = AccentColor;
				CODE_SIGN_ENTITLEMENTS = Sofascore2024/Sofascore2024.entitlements;
				CODE_SIGN_STYLE = Automatic;
				CURRENT_PROJECT_VERSION = 1;
				DEVELOPMENT_ASSET_PATHS = "\"Sofascore2024/Preview Content\"";
				ENABLE_PREVIEWS = YES;
				GENERATE_INFOPLIST_FILE = YES;
				"INFOPLIST_KEY_UIApplicationSceneManifest_Generation[sdk=iphoneos*]" = YES;
				"INFOPLIST_KEY_UIApplicationSceneManifest_Generation[sdk=iphonesimulator*]" = YES;
				"INFOPLIST_KEY_UIApplicationSupportsIndirectInputEvents[sdk=iphoneos*]" = YES;
				"INFOPLIST_KEY_UIApplicationSupportsIndirectInputEvents[sdk=iphonesimulator*]" = YES;
				"INFOPLIST_KEY_UILaunchScreen_Generation[sdk=iphoneos*]" = YES;
				"INFOPLIST_KEY_UILaunchScreen_Generation[sdk=iphonesimulator*]" = YES;
				"INFOPLIST_KEY_UIStatusBarStyle[sdk=iphoneos*]" = UIStatusBarStyleDefault;
				"INFOPLIST_KEY_UIStatusBarStyle[sdk=iphonesimulator*]" = UIStatusBarStyleDefault;
				INFOPLIST_KEY_UISupportedInterfaceOrientations_iPad = "UIInterfaceOrientationPortrait UIInterfaceOrientationPortraitUpsideDown UIInterfaceOrientationLandscapeLeft UIInterfaceOrientationLandscapeRight";
				INFOPLIST_KEY_UISupportedInterfaceOrientations_iPhone = "UIInterfaceOrientationPortrait UIInterfaceOrientationLandscapeLeft UIInterfaceOrientationLandscapeRight";
				IPHONEOS_DEPLOYMENT_TARGET = 17.2;
				LD_RUNPATH_SEARCH_PATHS = "@executable_path/Frameworks";
				"LD_RUNPATH_SEARCH_PATHS[sdk=macosx*]" = "@executable_path/../Frameworks";
				MACOSX_DEPLOYMENT_TARGET = 14.2;
				MARKETING_VERSION = 1.0;
				PRODUCT_BUNDLE_IDENTIFIER = hr.sofascore.academy.Sofascore2024;
				PRODUCT_NAME = "$(TARGET_NAME)";
				SDKROOT = auto;
				SUPPORTED_PLATFORMS = "iphoneos iphonesimulator macosx";
				SWIFT_EMIT_LOC_STRINGS = YES;
				SWIFT_VERSION = 5.0;
				TARGETED_DEVICE_FAMILY = "1,2";
			};
			name = Debug;
		};
		2C3129952B97C90A00F9B54E /* Release */ = {
			isa = XCBuildConfiguration;
			buildSettings = {
				ASSETCATALOG_COMPILER_APPICON_NAME = AppIcon;
				ASSETCATALOG_COMPILER_GLOBAL_ACCENT_COLOR_NAME = AccentColor;
				CODE_SIGN_ENTITLEMENTS = Sofascore2024/Sofascore2024.entitlements;
				CODE_SIGN_STYLE = Automatic;
				CURRENT_PROJECT_VERSION = 1;
				DEVELOPMENT_ASSET_PATHS = "\"Sofascore2024/Preview Content\"";
				ENABLE_PREVIEWS = YES;
				GENERATE_INFOPLIST_FILE = YES;
				"INFOPLIST_KEY_UIApplicationSceneManifest_Generation[sdk=iphoneos*]" = YES;
				"INFOPLIST_KEY_UIApplicationSceneManifest_Generation[sdk=iphonesimulator*]" = YES;
				"INFOPLIST_KEY_UIApplicationSupportsIndirectInputEvents[sdk=iphoneos*]" = YES;
				"INFOPLIST_KEY_UIApplicationSupportsIndirectInputEvents[sdk=iphonesimulator*]" = YES;
				"INFOPLIST_KEY_UILaunchScreen_Generation[sdk=iphoneos*]" = YES;
				"INFOPLIST_KEY_UILaunchScreen_Generation[sdk=iphonesimulator*]" = YES;
				"INFOPLIST_KEY_UIStatusBarStyle[sdk=iphoneos*]" = UIStatusBarStyleDefault;
				"INFOPLIST_KEY_UIStatusBarStyle[sdk=iphonesimulator*]" = UIStatusBarStyleDefault;
				INFOPLIST_KEY_UISupportedInterfaceOrientations_iPad = "UIInterfaceOrientationPortrait UIInterfaceOrientationPortraitUpsideDown UIInterfaceOrientationLandscapeLeft UIInterfaceOrientationLandscapeRight";
				INFOPLIST_KEY_UISupportedInterfaceOrientations_iPhone = "UIInterfaceOrientationPortrait UIInterfaceOrientationLandscapeLeft UIInterfaceOrientationLandscapeRight";
				IPHONEOS_DEPLOYMENT_TARGET = 17.2;
				LD_RUNPATH_SEARCH_PATHS = "@executable_path/Frameworks";
				"LD_RUNPATH_SEARCH_PATHS[sdk=macosx*]" = "@executable_path/../Frameworks";
				MACOSX_DEPLOYMENT_TARGET = 14.2;
				MARKETING_VERSION = 1.0;
				PRODUCT_BUNDLE_IDENTIFIER = hr.sofascore.academy.Sofascore2024;
				PRODUCT_NAME = "$(TARGET_NAME)";
				SDKROOT = auto;
				SUPPORTED_PLATFORMS = "iphoneos iphonesimulator macosx";
				SWIFT_EMIT_LOC_STRINGS = YES;
				SWIFT_VERSION = 5.0;
				TARGETED_DEVICE_FAMILY = "1,2";
			};
			name = Release;
		};
		2C3129972B97C90A00F9B54E /* Debug */ = {
			isa = XCBuildConfiguration;
			buildSettings = {
				ALWAYS_EMBED_SWIFT_STANDARD_LIBRARIES = YES;
				BUNDLE_LOADER = "$(TEST_HOST)";
				CODE_SIGN_STYLE = Automatic;
				CURRENT_PROJECT_VERSION = 1;
				GENERATE_INFOPLIST_FILE = YES;
				IPHONEOS_DEPLOYMENT_TARGET = 17.2;
				MACOSX_DEPLOYMENT_TARGET = 14.2;
				MARKETING_VERSION = 1.0;
				PRODUCT_BUNDLE_IDENTIFIER = hr.sofascore.academy.Sofascore2024Tests;
				PRODUCT_NAME = "$(TARGET_NAME)";
				SDKROOT = auto;
				SUPPORTED_PLATFORMS = "iphoneos iphonesimulator macosx";
				SWIFT_EMIT_LOC_STRINGS = NO;
				SWIFT_VERSION = 5.0;
				TARGETED_DEVICE_FAMILY = "1,2";
				TEST_HOST = "$(BUILT_PRODUCTS_DIR)/Sofascore2024.app/$(BUNDLE_EXECUTABLE_FOLDER_PATH)/Sofascore2024";
			};
			name = Debug;
		};
		2C3129982B97C90A00F9B54E /* Release */ = {
			isa = XCBuildConfiguration;
			buildSettings = {
				ALWAYS_EMBED_SWIFT_STANDARD_LIBRARIES = YES;
				BUNDLE_LOADER = "$(TEST_HOST)";
				CODE_SIGN_STYLE = Automatic;
				CURRENT_PROJECT_VERSION = 1;
				GENERATE_INFOPLIST_FILE = YES;
				IPHONEOS_DEPLOYMENT_TARGET = 17.2;
				MACOSX_DEPLOYMENT_TARGET = 14.2;
				MARKETING_VERSION = 1.0;
				PRODUCT_BUNDLE_IDENTIFIER = hr.sofascore.academy.Sofascore2024Tests;
				PRODUCT_NAME = "$(TARGET_NAME)";
				SDKROOT = auto;
				SUPPORTED_PLATFORMS = "iphoneos iphonesimulator macosx";
				SWIFT_EMIT_LOC_STRINGS = NO;
				SWIFT_VERSION = 5.0;
				TARGETED_DEVICE_FAMILY = "1,2";
				TEST_HOST = "$(BUILT_PRODUCTS_DIR)/Sofascore2024.app/$(BUNDLE_EXECUTABLE_FOLDER_PATH)/Sofascore2024";
			};
			name = Release;
		};
		2C31299A2B97C90A00F9B54E /* Debug */ = {
			isa = XCBuildConfiguration;
			buildSettings = {
				ALWAYS_EMBED_SWIFT_STANDARD_LIBRARIES = YES;
				CODE_SIGN_STYLE = Automatic;
				CURRENT_PROJECT_VERSION = 1;
				GENERATE_INFOPLIST_FILE = YES;
				IPHONEOS_DEPLOYMENT_TARGET = 17.2;
				MACOSX_DEPLOYMENT_TARGET = 14.2;
				MARKETING_VERSION = 1.0;
				PRODUCT_BUNDLE_IDENTIFIER = hr.sofascore.academy.Sofascore2024UITests;
				PRODUCT_NAME = "$(TARGET_NAME)";
				SDKROOT = auto;
				SUPPORTED_PLATFORMS = "iphoneos iphonesimulator macosx";
				SWIFT_EMIT_LOC_STRINGS = NO;
				SWIFT_VERSION = 5.0;
				TARGETED_DEVICE_FAMILY = "1,2";
				TEST_TARGET_NAME = Sofascore2024;
			};
			name = Debug;
		};
		2C31299B2B97C90A00F9B54E /* Release */ = {
			isa = XCBuildConfiguration;
			buildSettings = {
				ALWAYS_EMBED_SWIFT_STANDARD_LIBRARIES = YES;
				CODE_SIGN_STYLE = Automatic;
				CURRENT_PROJECT_VERSION = 1;
				GENERATE_INFOPLIST_FILE = YES;
				IPHONEOS_DEPLOYMENT_TARGET = 17.2;
				MACOSX_DEPLOYMENT_TARGET = 14.2;
				MARKETING_VERSION = 1.0;
				PRODUCT_BUNDLE_IDENTIFIER = hr.sofascore.academy.Sofascore2024UITests;
				PRODUCT_NAME = "$(TARGET_NAME)";
				SDKROOT = auto;
				SUPPORTED_PLATFORMS = "iphoneos iphonesimulator macosx";
				SWIFT_EMIT_LOC_STRINGS = NO;
				SWIFT_VERSION = 5.0;
				TARGETED_DEVICE_FAMILY = "1,2";
				TEST_TARGET_NAME = Sofascore2024;
			};
			name = Release;
		};
/* End XCBuildConfiguration section */

/* Begin XCConfigurationList section */
		2C3129692B97C90900F9B54E /* Build configuration list for PBXProject "Sofascore2024" */ = {
			isa = XCConfigurationList;
			buildConfigurations = (
				2C3129912B97C90A00F9B54E /* Debug */,
				2C3129922B97C90A00F9B54E /* Release */,
			);
			defaultConfigurationIsVisible = 0;
			defaultConfigurationName = Release;
		};
		2C3129932B97C90A00F9B54E /* Build configuration list for PBXNativeTarget "Sofascore2024" */ = {
			isa = XCConfigurationList;
			buildConfigurations = (
				2C3129942B97C90A00F9B54E /* Debug */,
				2C3129952B97C90A00F9B54E /* Release */,
			);
			defaultConfigurationIsVisible = 0;
			defaultConfigurationName = Release;
		};
		2C3129962B97C90A00F9B54E /* Build configuration list for PBXNativeTarget "Sofascore2024Tests" */ = {
			isa = XCConfigurationList;
			buildConfigurations = (
				2C3129972B97C90A00F9B54E /* Debug */,
				2C3129982B97C90A00F9B54E /* Release */,
			);
			defaultConfigurationIsVisible = 0;
			defaultConfigurationName = Release;
		};
		2C3129992B97C90A00F9B54E /* Build configuration list for PBXNativeTarget "Sofascore2024UITests" */ = {
			isa = XCConfigurationList;
			buildConfigurations = (
				2C31299A2B97C90A00F9B54E /* Debug */,
				2C31299B2B97C90A00F9B54E /* Release */,
			);
			defaultConfigurationIsVisible = 0;
			defaultConfigurationName = Release;
		};
/* End XCConfigurationList section */
	};
	rootObject = 2C3129662B97C90900F9B54E /* Project object */;
}
